Microsoft Visual Studio Solution File, Format Version 12.00
# Visual Studio Version 18
VisualStudioVersion = 18.0.11205.157
MinimumVisualStudioVersion = 10.0.40219.1
Project("{2150E333-8FDC-42A3-9474-1A3956D46DE8}") = "1.Framework", "1.Framework", "{8636251D-0291-4B49-BD87-644F49A928F4}"
EndProject
Project("{9A19103F-16F7-4668-BE54-9A1E7A4F7556}") = "Signum.Utilities", "Framework\Signum.Utilities\Signum.Utilities.csproj", "{F7D3F72D-741D-4F67-8CF8-CD41B9035FED}"
EndProject
Project("{9A19103F-16F7-4668-BE54-9A1E7A4F7556}") = "Signum.Test", "Framework\Signum.Test\Signum.Test.csproj", "{DE565EB3-EE44-469D-B6B9-C8F3CA0712EF}"
EndProject
Project("{2150E333-8FDC-42A3-9474-1A3956D46DE8}") = "2.Extensions", "2.Extensions", "{8BE6A286-E197-4F84-AE56-58E37CBEEEB5}"
EndProject
Project("{9A19103F-16F7-4668-BE54-9A1E7A4F7556}") = "RRSP.Terminal", "RRSP.Terminal\RRSP.Terminal.csproj", "{7D86C00D-DF5E-4D7B-AAC1-8A230481E475}"
EndProject
Project("{9A19103F-16F7-4668-BE54-9A1E7A4F7556}") = "Signum.Upgrade", "Framework\Signum.Upgrade\Signum.Upgrade.csproj", "{E55F9293-633E-40CD-B2C4-F2A7736527FE}"
EndProject
Project("{2150E333-8FDC-42A3-9474-1A3956D46DE8}") = "Test", "Test", "{5F84BCB0-C118-4929-B9BB-47A3EDA7242E}"
EndProject
Project("{9A19103F-16F7-4668-BE54-9A1E7A4F7556}") = "RRSP.Test.Environment", "RRSP.Test.Environment\RRSP.Test.Environment.csproj", "{A5119C75-F4B5-4FFC-A429-85A7001EF646}"
EndProject
Project("{9A19103F-16F7-4668-BE54-9A1E7A4F7556}") = "RRSP.Test.Logic", "RRSP.Test.Logic\RRSP.Test.Logic.csproj", "{02526789-0149-4C86-A6AF-66225E11877A}"
EndProject
Project("{9A19103F-16F7-4668-BE54-9A1E7A4F7556}") = "RRSP.Test.React", "RRSP.Test.React\RRSP.Test.React.csproj", "{8488BE41-0DE2-4B5E-A09B-7CF1E5C81F99}"
EndProject
Project("{9A19103F-16F7-4668-BE54-9A1E7A4F7556}") = "RRSP", "RRSP\RRSP.csproj", "{C09647D3-78E1-4D33-B40F-CAD1565A12A9}"
EndProject
Project("{9A19103F-16F7-4668-BE54-9A1E7A4F7556}") = "Signum", "Framework\Signum\Signum.csproj", "{3422FD13-4961-4323-92B4-20EF6F854017}"
EndProject
Project("{9A19103F-16F7-4668-BE54-9A1E7A4F7556}") = "Signum.Authorization.ResetPassword", "Framework\Extensions\Signum.Authorization.ResetPassword\Signum.Authorization.ResetPassword.csproj", "{AB4BEE0C-4E91-4903-8B00-BD9E0EAB819D}"
EndProject
Project("{9A19103F-16F7-4668-BE54-9A1E7A4F7556}") = "Signum.Authorization", "Framework\Extensions\Signum.Authorization\Signum.Authorization.csproj", "{2C099DED-515E-454B-9BB2-B54EE54332E2}"
EndProject
Project("{9A19103F-16F7-4668-BE54-9A1E7A4F7556}") = "Signum.Caching", "Framework\Extensions\Signum.Caching\Signum.Caching.csproj", "{D326BCF6-4B14-4D75-8273-B11C48A7B9FB}"
EndProject
Project("{9A19103F-16F7-4668-BE54-9A1E7A4F7556}") = "Signum.Chart", "Framework\Extensions\Signum.Chart\Signum.Chart.csproj", "{A8985B53-C34A-48D2-9270-FC495329C13E}"
EndProject
Project("{9A19103F-16F7-4668-BE54-9A1E7A4F7556}") = "Signum.CodeMirror", "Framework\Extensions\Signum.CodeMirror\Signum.CodeMirror.csproj", "{A05EA750-6CD4-4F41-ABBD-02578F40D913}"
EndProject
Project("{9A19103F-16F7-4668-BE54-9A1E7A4F7556}") = "Signum.ConcurrentUser", "Framework\Extensions\Signum.ConcurrentUser\Signum.ConcurrentUser.csproj", "{1AE3A3FF-790A-4592-81BA-8683FB3D7B5E}"
EndProject
Project("{9A19103F-16F7-4668-BE54-9A1E7A4F7556}") = "Signum.Dashboard", "Framework\Extensions\Signum.Dashboard\Signum.Dashboard.csproj", "{15596131-4397-4BC9-93E8-44C721C31042}"
EndProject
Project("{9A19103F-16F7-4668-BE54-9A1E7A4F7556}") = "Signum.DiffLog", "Framework\Extensions\Signum.DiffLog\Signum.DiffLog.csproj", "{92B809CE-D4C9-4613-A58F-FAD0C0556197}"
EndProject
Project("{9A19103F-16F7-4668-BE54-9A1E7A4F7556}") = "Signum.Eval", "Framework\Extensions\Signum.Eval\Signum.Eval.csproj", "{6A5AC3D2-F0A6-4A62-986A-45DD63E284C2}"
EndProject
Project("{9A19103F-16F7-4668-BE54-9A1E7A4F7556}") = "Signum.Excel", "Framework\Extensions\Signum.Excel\Signum.Excel.csproj", "{D4842939-CCCF-4B0D-B785-DA4E6CDA126C}"
EndProject
Project("{9A19103F-16F7-4668-BE54-9A1E7A4F7556}") = "Signum.Files", "Framework\Extensions\Signum.Files\Signum.Files.csproj", "{992B3496-793D-4597-9E13-26909BAF172B}"
EndProject
Project("{9A19103F-16F7-4668-BE54-9A1E7A4F7556}") = "Signum.HtmlEditor", "Framework\Extensions\Signum.HtmlEditor\Signum.HtmlEditor.csproj", "{DE6C0C69-5299-4941-A550-AB2A523BE2E3}"
EndProject
Project("{9A19103F-16F7-4668-BE54-9A1E7A4F7556}") = "Signum.Mailing.MicrosoftGraph", "Framework\Extensions\Signum.Mailing.MicrosoftGraph\Signum.Mailing.MicrosoftGraph.csproj", "{51D87251-6DF6-4DC1-AF6C-D5C11553F782}"
EndProject
Project("{9A19103F-16F7-4668-BE54-9A1E7A4F7556}") = "Signum.Mailing", "Framework\Extensions\Signum.Mailing\Signum.Mailing.csproj", "{DE84BC36-A990-4D5D-90C1-BD5A96786E65}"
EndProject
Project("{9A19103F-16F7-4668-BE54-9A1E7A4F7556}") = "Signum.Map", "Framework\Extensions\Signum.Map\Signum.Map.csproj", "{2ACBFF91-2750-43F6-B232-AF456DB234E6}"
EndProject
Project("{9A19103F-16F7-4668-BE54-9A1E7A4F7556}") = "Signum.Migrations", "Framework\Extensions\Signum.Migrations\Signum.Migrations.csproj", "{9252603E-F11B-4C57-AFCE-59EA5A759DC5}"
EndProject
Project("{9A19103F-16F7-4668-BE54-9A1E7A4F7556}") = "Signum.Omnibox", "Framework\Extensions\Signum.Omnibox\Signum.Omnibox.csproj", "{DAC95DE7-F31C-4DD8-BC97-D76514A649C1}"
EndProject
Project("{9A19103F-16F7-4668-BE54-9A1E7A4F7556}") = "Signum.Processes", "Framework\Extensions\Signum.Processes\Signum.Processes.csproj", "{9BD45C39-AD84-40CA-BA14-249D31AFEFD7}"
EndProject
Project("{9A19103F-16F7-4668-BE54-9A1E7A4F7556}") = "Signum.Profiler", "Framework\Extensions\Signum.Profiler\Signum.Profiler.csproj", "{364DF2F6-474A-43E7-9DF3-CF6EBA280EE5}"
EndProject
Project("{9A19103F-16F7-4668-BE54-9A1E7A4F7556}") = "Signum.Scheduler", "Framework\Extensions\Signum.Scheduler\Signum.Scheduler.csproj", "{4D978F4D-76FB-4DD7-8D7F-172506FA7E02}"
EndProject
Project("{9A19103F-16F7-4668-BE54-9A1E7A4F7556}") = "Signum.Templating", "Framework\Extensions\Signum.Templating\Signum.Templating.csproj", "{65B6E7EE-CC85-4863-B246-3F24AE4C96B4}"
EndProject
Project("{9A19103F-16F7-4668-BE54-9A1E7A4F7556}") = "Signum.TimeMachine", "Framework\Extensions\Signum.TimeMachine\Signum.TimeMachine.csproj", "{0237B07D-665E-45A5-BDE1-7C68D4DE1956}"
EndProject
Project("{9A19103F-16F7-4668-BE54-9A1E7A4F7556}") = "Signum.Toolbar", "Framework\Extensions\Signum.Toolbar\Signum.Toolbar.csproj", "{F5822741-23F3-470D-ABB8-540B6C93C12F}"
EndProject
Project("{9A19103F-16F7-4668-BE54-9A1E7A4F7556}") = "Signum.Translation", "Framework\Extensions\Signum.Translation\Signum.Translation.csproj", "{7C79BCCA-A284-4901-97DD-86E89B9B2D33}"
EndProject
Project("{9A19103F-16F7-4668-BE54-9A1E7A4F7556}") = "Signum.UserAssets", "Framework\Extensions\Signum.UserAssets\Signum.UserAssets.csproj", "{B3247DB0-B434-4903-B526-68B7D3F33196}"
EndProject
Project("{9A19103F-16F7-4668-BE54-9A1E7A4F7556}") = "Signum.Word", "Framework\Extensions\Signum.Word\Signum.Word.csproj", "{65704DD6-4E2A-48A6-800E-A6C805542B63}"
EndProject
Project("{2150E333-8FDC-42A3-9474-1A3956D46DE8}") = "0.Solution Items", "0.Solution Items", "{4657EBD8-1410-4C8D-93FF-9F0101B5E30B}"
	ProjectSection(SolutionItems) = preProject
		Directory.Build.props = Directory.Build.props
		Directory.Build.targets = Directory.Build.targets
	EndProjectSection
EndProject
Project("{9A19103F-16F7-4668-BE54-9A1E7A4F7556}") = "Signum.ViewLog", "Framework\Extensions\Signum.ViewLog\Signum.ViewLog.csproj", "{2F4B1ECE-855C-4945-AFE0-E2830DE24E01}"
EndProject
Project("{9A19103F-16F7-4668-BE54-9A1E7A4F7556}") = "Signum.UserQueries", "Framework\Extensions\Signum.UserQueries\Signum.UserQueries.csproj", "{B094BA37-2395-4E4F-8B9C-998F915FCFE5}"
EndProject
Project("{9A19103F-16F7-4668-BE54-9A1E7A4F7556}") = "Signum.WhatsNew", "Framework\Extensions\Signum.WhatsNew\Signum.WhatsNew.csproj", "{2D199440-C38C-4B82-8191-EF86A9EBB36C}"
EndProject
Project("{9A19103F-16F7-4668-BE54-9A1E7A4F7556}") = "Signum.Calendar", "Framework\Extensions\Signum.Calendar\Signum.Calendar.csproj", "{9F1EDDDA-0A30-4093-800E-810671E32F6F}"
EndProject
Project("{9A19103F-16F7-4668-BE54-9A1E7A4F7556}") = "Signum.Alerts", "Framework\Extensions\Signum.Alerts\Signum.Alerts.csproj", "{2A7E8B85-DC98-42CA-BC39-AF051C918892}"
EndProject
Project("{9A19103F-16F7-4668-BE54-9A1E7A4F7556}") = "Signum.Selenium", "Framework\Extensions\Signum.Selenium\Signum.Selenium.csproj", "{BC270B60-E9D7-454F-97A9-723336CCC312}"
EndProject
Project("{2150E333-8FDC-42A3-9474-1A3956D46DE8}") = "3.Meros", "3.Meros", "{BD1F2758-D961-45F7-889E-BACA6088B287}"
EndProject
Project("{9A19103F-16F7-4668-BE54-9A1E7A4F7556}") = "Meros.Project", "Meros\Meros.Project\Meros.Project.csproj", "{3E905EDD-866E-472C-8DF2-4F30065CC857}"
EndProject
Project("{9A19103F-16F7-4668-BE54-9A1E7A4F7556}") = "Meros.Protocol", "Meros\Meros.Protocol\Meros.Protocol.csproj", "{AB2AF864-CA15-4765-9DA8-4247F1798316}"
EndProject
Project("{9A19103F-16F7-4668-BE54-9A1E7A4F7556}") = "Meros.StatusReport", "Meros\Meros.StatusReport\Meros.StatusReport.csproj", "{E8A246F4-D9A7-45E2-B200-9996590EC533}"
EndProject
Project("{9A19103F-16F7-4668-BE54-9A1E7A4F7556}") = "Meros.Risk", "Meros\Meros.Risk\Meros.Risk.csproj", "{4D01518C-0F3C-4CC5-9780-C67BD0F6B3D6}"
EndProject
Project("{9A19103F-16F7-4668-BE54-9A1E7A4F7556}") = "Meros.Stakeholder", "Meros\Meros.Stakeholder\Meros.Stakeholder.csproj", "{47318331-84C1-48B2-AB1F-05BC75DDD072}"
EndProject
Project("{9A19103F-16F7-4668-BE54-9A1E7A4F7556}") = "Meros.Videos", "Meros\Meros.Videos\Meros.Videos.csproj", "{FA97E55A-DEF0-42ED-85C5-FEDF5E309725}"
EndProject
Project("{9A19103F-16F7-4668-BE54-9A1E7A4F7556}") = "Meros.Tasks", "Meros\Meros.Tasks\Meros.Tasks.csproj", "{B03738D5-34E8-4E2B-AB39-59FB5B2EF058}"
EndProject
Project("{9A19103F-16F7-4668-BE54-9A1E7A4F7556}") = "Meros.StatementOfWork", "Meros\Meros.StatementOfWork\Meros.StatementOfWork.csproj", "{96AC320F-4605-4019-97D9-0EFE09C08E0B}"
EndProject
Project("{9A19103F-16F7-4668-BE54-9A1E7A4F7556}") = "Signum.Help", "Framework\Extensions\Signum.Help\Signum.Help.csproj", "{F22880A0-FE99-4712-A5BE-171866215565}"
EndProject
Project("{9A19103F-16F7-4668-BE54-9A1E7A4F7556}") = "RRSP.Server", "RRSP.Server\RRSP.Server.csproj", "{C350B082-8788-43BE-9184-0B46C104C710}"
EndProject
Project("{FAE04EC0-301F-11D3-BF4B-00C04F79EFBC}") = "Signum.Extensions.Test", "Framework\Extensions\Signum.Extensions.Test\Signum.Extensions.Test.csproj", "{871948B0-6EDA-4C50-AE6B-171531BF3F77}"
EndProject
Project("{FAE04EC0-301F-11D3-BF4B-00C04F79EFBC}") = "Meros.PortfolioExt", "Meros\Meros.PortfolioExt\Meros.PortfolioExt.csproj", "{A36C8012-43C2-8FFB-7AB7-D5050921532C}"
EndProject
Project("{FAE04EC0-301F-11D3-BF4B-00C04F79EFBC}") = "Signum.Files.AzureBlobs", "Framework\Extensions\Signum.Files.AzureBlobs\Signum.Files.AzureBlobs.csproj", "{02728254-38F8-2E91-B0A8-8A785776361F}"
EndProject
Project("{FAE04EC0-301F-11D3-BF4B-00C04F79EFBC}") = "Meros.PlanningProject", "Meros\Meros.PlanningProject\Meros.PlanningProject.csproj", "{0C2E998A-C4F6-3C79-2EAC-D5A2D3430665}"
EndProject
Project("{FAE04EC0-301F-11D3-BF4B-00C04F79EFBC}") = "Meros.Financials", "Meros\Meros.Financials\Meros.Financials.csproj", "{982B8C25-E178-0B61-77FD-19AAED3D11D1}"
EndProject
Project("{FAE04EC0-301F-11D3-BF4B-00C04F79EFBC}") = "Signum.Authorization.AzureAD", "Framework\Extensions\Signum.Authorization.AzureAD\Signum.Authorization.AzureAD.csproj", "{50C18813-143E-EE2E-CC52-C4B3BD2F22FC}"
EndProject
Project("{FAE04EC0-301F-11D3-BF4B-00C04F79EFBC}") = "Signum.Tour", "Framework\Extensions\Signum.Tour\Signum.Tour.csproj", "{9C59A76F-74CD-0E90-A89B-7D55ED29CA2E}"
EndProject
Global
	GlobalSection(SolutionConfigurationPlatforms) = preSolution
		Debug|Any CPU = Debug|Any CPU
		Release|Any CPU = Release|Any CPU
	EndGlobalSection
	GlobalSection(ProjectConfigurationPlatforms) = postSolution
		{F7D3F72D-741D-4F67-8CF8-CD41B9035FED}.Debug|Any CPU.ActiveCfg = Debug|Any CPU
		{F7D3F72D-741D-4F67-8CF8-CD41B9035FED}.Debug|Any CPU.Build.0 = Debug|Any CPU
		{F7D3F72D-741D-4F67-8CF8-CD41B9035FED}.Release|Any CPU.ActiveCfg = Release|Any CPU
		{F7D3F72D-741D-4F67-8CF8-CD41B9035FED}.Release|Any CPU.Build.0 = Release|Any CPU
		{DE565EB3-EE44-469D-B6B9-C8F3CA0712EF}.Debug|Any CPU.ActiveCfg = Debug|Any CPU
		{DE565EB3-EE44-469D-B6B9-C8F3CA0712EF}.Debug|Any CPU.Build.0 = Debug|Any CPU
		{DE565EB3-EE44-469D-B6B9-C8F3CA0712EF}.Release|Any CPU.ActiveCfg = Release|Any CPU
		{DE565EB3-EE44-469D-B6B9-C8F3CA0712EF}.Release|Any CPU.Build.0 = Release|Any CPU
		{7D86C00D-DF5E-4D7B-AAC1-8A230481E475}.Debug|Any CPU.ActiveCfg = Debug|Any CPU
		{7D86C00D-DF5E-4D7B-AAC1-8A230481E475}.Debug|Any CPU.Build.0 = Debug|Any CPU
		{7D86C00D-DF5E-4D7B-AAC1-8A230481E475}.Release|Any CPU.ActiveCfg = Release|Any CPU
		{7D86C00D-DF5E-4D7B-AAC1-8A230481E475}.Release|Any CPU.Build.0 = Release|Any CPU
		{E55F9293-633E-40CD-B2C4-F2A7736527FE}.Debug|Any CPU.ActiveCfg = Debug|Any CPU
		{E55F9293-633E-40CD-B2C4-F2A7736527FE}.Debug|Any CPU.Build.0 = Debug|Any CPU
		{E55F9293-633E-40CD-B2C4-F2A7736527FE}.Release|Any CPU.ActiveCfg = Release|Any CPU
		{E55F9293-633E-40CD-B2C4-F2A7736527FE}.Release|Any CPU.Build.0 = Release|Any CPU
		{A5119C75-F4B5-4FFC-A429-85A7001EF646}.Debug|Any CPU.ActiveCfg = Debug|Any CPU
		{A5119C75-F4B5-4FFC-A429-85A7001EF646}.Debug|Any CPU.Build.0 = Debug|Any CPU
		{A5119C75-F4B5-4FFC-A429-85A7001EF646}.Release|Any CPU.ActiveCfg = Release|Any CPU
		{A5119C75-F4B5-4FFC-A429-85A7001EF646}.Release|Any CPU.Build.0 = Release|Any CPU
		{02526789-0149-4C86-A6AF-66225E11877A}.Debug|Any CPU.ActiveCfg = Debug|Any CPU
		{02526789-0149-4C86-A6AF-66225E11877A}.Debug|Any CPU.Build.0 = Debug|Any CPU
		{02526789-0149-4C86-A6AF-66225E11877A}.Release|Any CPU.ActiveCfg = Release|Any CPU
		{02526789-0149-4C86-A6AF-66225E11877A}.Release|Any CPU.Build.0 = Release|Any CPU
		{8488BE41-0DE2-4B5E-A09B-7CF1E5C81F99}.Debug|Any CPU.ActiveCfg = Debug|Any CPU
		{8488BE41-0DE2-4B5E-A09B-7CF1E5C81F99}.Debug|Any CPU.Build.0 = Debug|Any CPU
		{8488BE41-0DE2-4B5E-A09B-7CF1E5C81F99}.Release|Any CPU.ActiveCfg = Release|Any CPU
		{8488BE41-0DE2-4B5E-A09B-7CF1E5C81F99}.Release|Any CPU.Build.0 = Release|Any CPU
		{C09647D3-78E1-4D33-B40F-CAD1565A12A9}.Debug|Any CPU.ActiveCfg = Debug|Any CPU
		{C09647D3-78E1-4D33-B40F-CAD1565A12A9}.Debug|Any CPU.Build.0 = Debug|Any CPU
		{C09647D3-78E1-4D33-B40F-CAD1565A12A9}.Release|Any CPU.ActiveCfg = Release|Any CPU
		{C09647D3-78E1-4D33-B40F-CAD1565A12A9}.Release|Any CPU.Build.0 = Release|Any CPU
		{3422FD13-4961-4323-92B4-20EF6F854017}.Debug|Any CPU.ActiveCfg = Debug|Any CPU
		{3422FD13-4961-4323-92B4-20EF6F854017}.Debug|Any CPU.Build.0 = Debug|Any CPU
		{3422FD13-4961-4323-92B4-20EF6F854017}.Release|Any CPU.ActiveCfg = Release|Any CPU
		{3422FD13-4961-4323-92B4-20EF6F854017}.Release|Any CPU.Build.0 = Release|Any CPU
		{AB4BEE0C-4E91-4903-8B00-BD9E0EAB819D}.Debug|Any CPU.ActiveCfg = Debug|Any CPU
		{AB4BEE0C-4E91-4903-8B00-BD9E0EAB819D}.Debug|Any CPU.Build.0 = Debug|Any CPU
		{AB4BEE0C-4E91-4903-8B00-BD9E0EAB819D}.Release|Any CPU.ActiveCfg = Release|Any CPU
		{AB4BEE0C-4E91-4903-8B00-BD9E0EAB819D}.Release|Any CPU.Build.0 = Release|Any CPU
		{2C099DED-515E-454B-9BB2-B54EE54332E2}.Debug|Any CPU.ActiveCfg = Debug|Any CPU
		{2C099DED-515E-454B-9BB2-B54EE54332E2}.Debug|Any CPU.Build.0 = Debug|Any CPU
		{2C099DED-515E-454B-9BB2-B54EE54332E2}.Release|Any CPU.ActiveCfg = Release|Any CPU
		{2C099DED-515E-454B-9BB2-B54EE54332E2}.Release|Any CPU.Build.0 = Release|Any CPU
		{D326BCF6-4B14-4D75-8273-B11C48A7B9FB}.Debug|Any CPU.ActiveCfg = Debug|Any CPU
		{D326BCF6-4B14-4D75-8273-B11C48A7B9FB}.Debug|Any CPU.Build.0 = Debug|Any CPU
		{D326BCF6-4B14-4D75-8273-B11C48A7B9FB}.Release|Any CPU.ActiveCfg = Release|Any CPU
		{D326BCF6-4B14-4D75-8273-B11C48A7B9FB}.Release|Any CPU.Build.0 = Release|Any CPU
		{A8985B53-C34A-48D2-9270-FC495329C13E}.Debug|Any CPU.ActiveCfg = Debug|Any CPU
		{A8985B53-C34A-48D2-9270-FC495329C13E}.Debug|Any CPU.Build.0 = Debug|Any CPU
		{A8985B53-C34A-48D2-9270-FC495329C13E}.Release|Any CPU.ActiveCfg = Release|Any CPU
		{A8985B53-C34A-48D2-9270-FC495329C13E}.Release|Any CPU.Build.0 = Release|Any CPU
		{A05EA750-6CD4-4F41-ABBD-02578F40D913}.Debug|Any CPU.ActiveCfg = Debug|Any CPU
		{A05EA750-6CD4-4F41-ABBD-02578F40D913}.Debug|Any CPU.Build.0 = Debug|Any CPU
		{A05EA750-6CD4-4F41-ABBD-02578F40D913}.Release|Any CPU.ActiveCfg = Release|Any CPU
		{A05EA750-6CD4-4F41-ABBD-02578F40D913}.Release|Any CPU.Build.0 = Release|Any CPU
		{1AE3A3FF-790A-4592-81BA-8683FB3D7B5E}.Debug|Any CPU.ActiveCfg = Debug|Any CPU
		{1AE3A3FF-790A-4592-81BA-8683FB3D7B5E}.Debug|Any CPU.Build.0 = Debug|Any CPU
		{1AE3A3FF-790A-4592-81BA-8683FB3D7B5E}.Release|Any CPU.ActiveCfg = Release|Any CPU
		{1AE3A3FF-790A-4592-81BA-8683FB3D7B5E}.Release|Any CPU.Build.0 = Release|Any CPU
		{15596131-4397-4BC9-93E8-44C721C31042}.Debug|Any CPU.ActiveCfg = Debug|Any CPU
		{15596131-4397-4BC9-93E8-44C721C31042}.Debug|Any CPU.Build.0 = Debug|Any CPU
		{15596131-4397-4BC9-93E8-44C721C31042}.Release|Any CPU.ActiveCfg = Release|Any CPU
		{15596131-4397-4BC9-93E8-44C721C31042}.Release|Any CPU.Build.0 = Release|Any CPU
		{92B809CE-D4C9-4613-A58F-FAD0C0556197}.Debug|Any CPU.ActiveCfg = Debug|Any CPU
		{92B809CE-D4C9-4613-A58F-FAD0C0556197}.Debug|Any CPU.Build.0 = Debug|Any CPU
		{92B809CE-D4C9-4613-A58F-FAD0C0556197}.Release|Any CPU.ActiveCfg = Release|Any CPU
		{92B809CE-D4C9-4613-A58F-FAD0C0556197}.Release|Any CPU.Build.0 = Release|Any CPU
		{6A5AC3D2-F0A6-4A62-986A-45DD63E284C2}.Debug|Any CPU.ActiveCfg = Debug|Any CPU
		{6A5AC3D2-F0A6-4A62-986A-45DD63E284C2}.Debug|Any CPU.Build.0 = Debug|Any CPU
		{6A5AC3D2-F0A6-4A62-986A-45DD63E284C2}.Release|Any CPU.ActiveCfg = Release|Any CPU
		{6A5AC3D2-F0A6-4A62-986A-45DD63E284C2}.Release|Any CPU.Build.0 = Release|Any CPU
		{D4842939-CCCF-4B0D-B785-DA4E6CDA126C}.Debug|Any CPU.ActiveCfg = Debug|Any CPU
		{D4842939-CCCF-4B0D-B785-DA4E6CDA126C}.Debug|Any CPU.Build.0 = Debug|Any CPU
		{D4842939-CCCF-4B0D-B785-DA4E6CDA126C}.Release|Any CPU.ActiveCfg = Release|Any CPU
		{D4842939-CCCF-4B0D-B785-DA4E6CDA126C}.Release|Any CPU.Build.0 = Release|Any CPU
		{992B3496-793D-4597-9E13-26909BAF172B}.Debug|Any CPU.ActiveCfg = Debug|Any CPU
		{992B3496-793D-4597-9E13-26909BAF172B}.Debug|Any CPU.Build.0 = Debug|Any CPU
		{992B3496-793D-4597-9E13-26909BAF172B}.Release|Any CPU.ActiveCfg = Release|Any CPU
		{992B3496-793D-4597-9E13-26909BAF172B}.Release|Any CPU.Build.0 = Release|Any CPU
		{DE6C0C69-5299-4941-A550-AB2A523BE2E3}.Debug|Any CPU.ActiveCfg = Debug|Any CPU
		{DE6C0C69-5299-4941-A550-AB2A523BE2E3}.Debug|Any CPU.Build.0 = Debug|Any CPU
		{DE6C0C69-5299-4941-A550-AB2A523BE2E3}.Release|Any CPU.ActiveCfg = Release|Any CPU
		{DE6C0C69-5299-4941-A550-AB2A523BE2E3}.Release|Any CPU.Build.0 = Release|Any CPU
		{51D87251-6DF6-4DC1-AF6C-D5C11553F782}.Debug|Any CPU.ActiveCfg = Debug|Any CPU
		{51D87251-6DF6-4DC1-AF6C-D5C11553F782}.Debug|Any CPU.Build.0 = Debug|Any CPU
		{51D87251-6DF6-4DC1-AF6C-D5C11553F782}.Release|Any CPU.ActiveCfg = Release|Any CPU
		{51D87251-6DF6-4DC1-AF6C-D5C11553F782}.Release|Any CPU.Build.0 = Release|Any CPU
		{DE84BC36-A990-4D5D-90C1-BD5A96786E65}.Debug|Any CPU.ActiveCfg = Debug|Any CPU
		{DE84BC36-A990-4D5D-90C1-BD5A96786E65}.Debug|Any CPU.Build.0 = Debug|Any CPU
		{DE84BC36-A990-4D5D-90C1-BD5A96786E65}.Release|Any CPU.ActiveCfg = Release|Any CPU
		{DE84BC36-A990-4D5D-90C1-BD5A96786E65}.Release|Any CPU.Build.0 = Release|Any CPU
		{2ACBFF91-2750-43F6-B232-AF456DB234E6}.Debug|Any CPU.ActiveCfg = Debug|Any CPU
		{2ACBFF91-2750-43F6-B232-AF456DB234E6}.Debug|Any CPU.Build.0 = Debug|Any CPU
		{2ACBFF91-2750-43F6-B232-AF456DB234E6}.Release|Any CPU.ActiveCfg = Release|Any CPU
		{2ACBFF91-2750-43F6-B232-AF456DB234E6}.Release|Any CPU.Build.0 = Release|Any CPU
		{9252603E-F11B-4C57-AFCE-59EA5A759DC5}.Debug|Any CPU.ActiveCfg = Debug|Any CPU
		{9252603E-F11B-4C57-AFCE-59EA5A759DC5}.Debug|Any CPU.Build.0 = Debug|Any CPU
		{9252603E-F11B-4C57-AFCE-59EA5A759DC5}.Release|Any CPU.ActiveCfg = Release|Any CPU
		{9252603E-F11B-4C57-AFCE-59EA5A759DC5}.Release|Any CPU.Build.0 = Release|Any CPU
		{DAC95DE7-F31C-4DD8-BC97-D76514A649C1}.Debug|Any CPU.ActiveCfg = Debug|Any CPU
		{DAC95DE7-F31C-4DD8-BC97-D76514A649C1}.Debug|Any CPU.Build.0 = Debug|Any CPU
		{DAC95DE7-F31C-4DD8-BC97-D76514A649C1}.Release|Any CPU.ActiveCfg = Release|Any CPU
		{DAC95DE7-F31C-4DD8-BC97-D76514A649C1}.Release|Any CPU.Build.0 = Release|Any CPU
		{9BD45C39-AD84-40CA-BA14-249D31AFEFD7}.Debug|Any CPU.ActiveCfg = Debug|Any CPU
		{9BD45C39-AD84-40CA-BA14-249D31AFEFD7}.Debug|Any CPU.Build.0 = Debug|Any CPU
		{9BD45C39-AD84-40CA-BA14-249D31AFEFD7}.Release|Any CPU.ActiveCfg = Release|Any CPU
		{9BD45C39-AD84-40CA-BA14-249D31AFEFD7}.Release|Any CPU.Build.0 = Release|Any CPU
		{364DF2F6-474A-43E7-9DF3-CF6EBA280EE5}.Debug|Any CPU.ActiveCfg = Debug|Any CPU
		{364DF2F6-474A-43E7-9DF3-CF6EBA280EE5}.Debug|Any CPU.Build.0 = Debug|Any CPU
		{364DF2F6-474A-43E7-9DF3-CF6EBA280EE5}.Release|Any CPU.ActiveCfg = Release|Any CPU
		{364DF2F6-474A-43E7-9DF3-CF6EBA280EE5}.Release|Any CPU.Build.0 = Release|Any CPU
		{4D978F4D-76FB-4DD7-8D7F-172506FA7E02}.Debug|Any CPU.ActiveCfg = Debug|Any CPU
		{4D978F4D-76FB-4DD7-8D7F-172506FA7E02}.Debug|Any CPU.Build.0 = Debug|Any CPU
		{4D978F4D-76FB-4DD7-8D7F-172506FA7E02}.Release|Any CPU.ActiveCfg = Release|Any CPU
		{4D978F4D-76FB-4DD7-8D7F-172506FA7E02}.Release|Any CPU.Build.0 = Release|Any CPU
		{65B6E7EE-CC85-4863-B246-3F24AE4C96B4}.Debug|Any CPU.ActiveCfg = Debug|Any CPU
		{65B6E7EE-CC85-4863-B246-3F24AE4C96B4}.Debug|Any CPU.Build.0 = Debug|Any CPU
		{65B6E7EE-CC85-4863-B246-3F24AE4C96B4}.Release|Any CPU.ActiveCfg = Release|Any CPU
		{65B6E7EE-CC85-4863-B246-3F24AE4C96B4}.Release|Any CPU.Build.0 = Release|Any CPU
		{0237B07D-665E-45A5-BDE1-7C68D4DE1956}.Debug|Any CPU.ActiveCfg = Debug|Any CPU
		{0237B07D-665E-45A5-BDE1-7C68D4DE1956}.Debug|Any CPU.Build.0 = Debug|Any CPU
		{0237B07D-665E-45A5-BDE1-7C68D4DE1956}.Release|Any CPU.ActiveCfg = Release|Any CPU
		{0237B07D-665E-45A5-BDE1-7C68D4DE1956}.Release|Any CPU.Build.0 = Release|Any CPU
		{F5822741-23F3-470D-ABB8-540B6C93C12F}.Debug|Any CPU.ActiveCfg = Debug|Any CPU
		{F5822741-23F3-470D-ABB8-540B6C93C12F}.Debug|Any CPU.Build.0 = Debug|Any CPU
		{F5822741-23F3-470D-ABB8-540B6C93C12F}.Release|Any CPU.ActiveCfg = Release|Any CPU
		{F5822741-23F3-470D-ABB8-540B6C93C12F}.Release|Any CPU.Build.0 = Release|Any CPU
		{7C79BCCA-A284-4901-97DD-86E89B9B2D33}.Debug|Any CPU.ActiveCfg = Debug|Any CPU
		{7C79BCCA-A284-4901-97DD-86E89B9B2D33}.Debug|Any CPU.Build.0 = Debug|Any CPU
		{7C79BCCA-A284-4901-97DD-86E89B9B2D33}.Release|Any CPU.ActiveCfg = Release|Any CPU
		{7C79BCCA-A284-4901-97DD-86E89B9B2D33}.Release|Any CPU.Build.0 = Release|Any CPU
		{B3247DB0-B434-4903-B526-68B7D3F33196}.Debug|Any CPU.ActiveCfg = Debug|Any CPU
		{B3247DB0-B434-4903-B526-68B7D3F33196}.Debug|Any CPU.Build.0 = Debug|Any CPU
		{B3247DB0-B434-4903-B526-68B7D3F33196}.Release|Any CPU.ActiveCfg = Release|Any CPU
		{B3247DB0-B434-4903-B526-68B7D3F33196}.Release|Any CPU.Build.0 = Release|Any CPU
		{65704DD6-4E2A-48A6-800E-A6C805542B63}.Debug|Any CPU.ActiveCfg = Debug|Any CPU
		{65704DD6-4E2A-48A6-800E-A6C805542B63}.Debug|Any CPU.Build.0 = Debug|Any CPU
		{65704DD6-4E2A-48A6-800E-A6C805542B63}.Release|Any CPU.ActiveCfg = Release|Any CPU
		{65704DD6-4E2A-48A6-800E-A6C805542B63}.Release|Any CPU.Build.0 = Release|Any CPU
		{2F4B1ECE-855C-4945-AFE0-E2830DE24E01}.Debug|Any CPU.ActiveCfg = Debug|Any CPU
		{2F4B1ECE-855C-4945-AFE0-E2830DE24E01}.Debug|Any CPU.Build.0 = Debug|Any CPU
		{2F4B1ECE-855C-4945-AFE0-E2830DE24E01}.Release|Any CPU.ActiveCfg = Release|Any CPU
		{2F4B1ECE-855C-4945-AFE0-E2830DE24E01}.Release|Any CPU.Build.0 = Release|Any CPU
		{B094BA37-2395-4E4F-8B9C-998F915FCFE5}.Debug|Any CPU.ActiveCfg = Debug|Any CPU
		{B094BA37-2395-4E4F-8B9C-998F915FCFE5}.Debug|Any CPU.Build.0 = Debug|Any CPU
		{B094BA37-2395-4E4F-8B9C-998F915FCFE5}.Release|Any CPU.ActiveCfg = Release|Any CPU
		{B094BA37-2395-4E4F-8B9C-998F915FCFE5}.Release|Any CPU.Build.0 = Release|Any CPU
		{2D199440-C38C-4B82-8191-EF86A9EBB36C}.Debug|Any CPU.ActiveCfg = Debug|Any CPU
		{2D199440-C38C-4B82-8191-EF86A9EBB36C}.Debug|Any CPU.Build.0 = Debug|Any CPU
		{2D199440-C38C-4B82-8191-EF86A9EBB36C}.Release|Any CPU.ActiveCfg = Release|Any CPU
		{2D199440-C38C-4B82-8191-EF86A9EBB36C}.Release|Any CPU.Build.0 = Release|Any CPU
		{9F1EDDDA-0A30-4093-800E-810671E32F6F}.Debug|Any CPU.ActiveCfg = Debug|Any CPU
		{9F1EDDDA-0A30-4093-800E-810671E32F6F}.Debug|Any CPU.Build.0 = Debug|Any CPU
		{9F1EDDDA-0A30-4093-800E-810671E32F6F}.Release|Any CPU.ActiveCfg = Release|Any CPU
		{9F1EDDDA-0A30-4093-800E-810671E32F6F}.Release|Any CPU.Build.0 = Release|Any CPU
		{2A7E8B85-DC98-42CA-BC39-AF051C918892}.Debug|Any CPU.ActiveCfg = Debug|Any CPU
		{2A7E8B85-DC98-42CA-BC39-AF051C918892}.Debug|Any CPU.Build.0 = Debug|Any CPU
		{2A7E8B85-DC98-42CA-BC39-AF051C918892}.Release|Any CPU.ActiveCfg = Release|Any CPU
		{2A7E8B85-DC98-42CA-BC39-AF051C918892}.Release|Any CPU.Build.0 = Release|Any CPU
		{BC270B60-E9D7-454F-97A9-723336CCC312}.Debug|Any CPU.ActiveCfg = Debug|Any CPU
		{BC270B60-E9D7-454F-97A9-723336CCC312}.Debug|Any CPU.Build.0 = Debug|Any CPU
		{BC270B60-E9D7-454F-97A9-723336CCC312}.Release|Any CPU.ActiveCfg = Release|Any CPU
		{BC270B60-E9D7-454F-97A9-723336CCC312}.Release|Any CPU.Build.0 = Release|Any CPU
		{3E905EDD-866E-472C-8DF2-4F30065CC857}.Debug|Any CPU.ActiveCfg = Debug|Any CPU
		{3E905EDD-866E-472C-8DF2-4F30065CC857}.Debug|Any CPU.Build.0 = Debug|Any CPU
		{3E905EDD-866E-472C-8DF2-4F30065CC857}.Release|Any CPU.ActiveCfg = Release|Any CPU
		{3E905EDD-866E-472C-8DF2-4F30065CC857}.Release|Any CPU.Build.0 = Release|Any CPU
		{AB2AF864-CA15-4765-9DA8-4247F1798316}.Debug|Any CPU.ActiveCfg = Debug|Any CPU
		{AB2AF864-CA15-4765-9DA8-4247F1798316}.Debug|Any CPU.Build.0 = Debug|Any CPU
		{AB2AF864-CA15-4765-9DA8-4247F1798316}.Release|Any CPU.ActiveCfg = Release|Any CPU
		{AB2AF864-CA15-4765-9DA8-4247F1798316}.Release|Any CPU.Build.0 = Release|Any CPU
		{E8A246F4-D9A7-45E2-B200-9996590EC533}.Debug|Any CPU.ActiveCfg = Debug|Any CPU
		{E8A246F4-D9A7-45E2-B200-9996590EC533}.Debug|Any CPU.Build.0 = Debug|Any CPU
		{E8A246F4-D9A7-45E2-B200-9996590EC533}.Release|Any CPU.ActiveCfg = Release|Any CPU
		{E8A246F4-D9A7-45E2-B200-9996590EC533}.Release|Any CPU.Build.0 = Release|Any CPU
		{4D01518C-0F3C-4CC5-9780-C67BD0F6B3D6}.Debug|Any CPU.ActiveCfg = Debug|Any CPU
		{4D01518C-0F3C-4CC5-9780-C67BD0F6B3D6}.Debug|Any CPU.Build.0 = Debug|Any CPU
		{4D01518C-0F3C-4CC5-9780-C67BD0F6B3D6}.Release|Any CPU.ActiveCfg = Release|Any CPU
		{4D01518C-0F3C-4CC5-9780-C67BD0F6B3D6}.Release|Any CPU.Build.0 = Release|Any CPU
		{47318331-84C1-48B2-AB1F-05BC75DDD072}.Debug|Any CPU.ActiveCfg = Debug|Any CPU
		{47318331-84C1-48B2-AB1F-05BC75DDD072}.Debug|Any CPU.Build.0 = Debug|Any CPU
		{47318331-84C1-48B2-AB1F-05BC75DDD072}.Release|Any CPU.ActiveCfg = Release|Any CPU
		{47318331-84C1-48B2-AB1F-05BC75DDD072}.Release|Any CPU.Build.0 = Release|Any CPU
		{FA97E55A-DEF0-42ED-85C5-FEDF5E309725}.Debug|Any CPU.ActiveCfg = Debug|Any CPU
		{FA97E55A-DEF0-42ED-85C5-FEDF5E309725}.Debug|Any CPU.Build.0 = Debug|Any CPU
		{FA97E55A-DEF0-42ED-85C5-FEDF5E309725}.Release|Any CPU.ActiveCfg = Release|Any CPU
		{FA97E55A-DEF0-42ED-85C5-FEDF5E309725}.Release|Any CPU.Build.0 = Release|Any CPU
		{B03738D5-34E8-4E2B-AB39-59FB5B2EF058}.Debug|Any CPU.ActiveCfg = Debug|Any CPU
		{B03738D5-34E8-4E2B-AB39-59FB5B2EF058}.Debug|Any CPU.Build.0 = Debug|Any CPU
		{B03738D5-34E8-4E2B-AB39-59FB5B2EF058}.Release|Any CPU.ActiveCfg = Release|Any CPU
		{B03738D5-34E8-4E2B-AB39-59FB5B2EF058}.Release|Any CPU.Build.0 = Release|Any CPU
		{96AC320F-4605-4019-97D9-0EFE09C08E0B}.Debug|Any CPU.ActiveCfg = Debug|Any CPU
		{96AC320F-4605-4019-97D9-0EFE09C08E0B}.Debug|Any CPU.Build.0 = Debug|Any CPU
		{96AC320F-4605-4019-97D9-0EFE09C08E0B}.Release|Any CPU.ActiveCfg = Release|Any CPU
		{96AC320F-4605-4019-97D9-0EFE09C08E0B}.Release|Any CPU.Build.0 = Release|Any CPU
		{F22880A0-FE99-4712-A5BE-171866215565}.Debug|Any CPU.ActiveCfg = Debug|Any CPU
		{F22880A0-FE99-4712-A5BE-171866215565}.Debug|Any CPU.Build.0 = Debug|Any CPU
		{F22880A0-FE99-4712-A5BE-171866215565}.Release|Any CPU.ActiveCfg = Release|Any CPU
		{F22880A0-FE99-4712-A5BE-171866215565}.Release|Any CPU.Build.0 = Release|Any CPU
		{C350B082-8788-43BE-9184-0B46C104C710}.Debug|Any CPU.ActiveCfg = Debug|Any CPU
		{C350B082-8788-43BE-9184-0B46C104C710}.Debug|Any CPU.Build.0 = Debug|Any CPU
		{C350B082-8788-43BE-9184-0B46C104C710}.Release|Any CPU.ActiveCfg = Release|Any CPU
		{C350B082-8788-43BE-9184-0B46C104C710}.Release|Any CPU.Build.0 = Release|Any CPU
		{871948B0-6EDA-4C50-AE6B-171531BF3F77}.Debug|Any CPU.ActiveCfg = Debug|Any CPU
		{871948B0-6EDA-4C50-AE6B-171531BF3F77}.Debug|Any CPU.Build.0 = Debug|Any CPU
		{871948B0-6EDA-4C50-AE6B-171531BF3F77}.Release|Any CPU.ActiveCfg = Release|Any CPU
		{871948B0-6EDA-4C50-AE6B-171531BF3F77}.Release|Any CPU.Build.0 = Release|Any CPU
		{A36C8012-43C2-8FFB-7AB7-D5050921532C}.Debug|Any CPU.ActiveCfg = Debug|Any CPU
		{A36C8012-43C2-8FFB-7AB7-D5050921532C}.Debug|Any CPU.Build.0 = Debug|Any CPU
		{A36C8012-43C2-8FFB-7AB7-D5050921532C}.Release|Any CPU.ActiveCfg = Release|Any CPU
		{A36C8012-43C2-8FFB-7AB7-D5050921532C}.Release|Any CPU.Build.0 = Release|Any CPU
		{02728254-38F8-2E91-B0A8-8A785776361F}.Debug|Any CPU.ActiveCfg = Debug|Any CPU
		{02728254-38F8-2E91-B0A8-8A785776361F}.Debug|Any CPU.Build.0 = Debug|Any CPU
		{02728254-38F8-2E91-B0A8-8A785776361F}.Release|Any CPU.ActiveCfg = Release|Any CPU
		{02728254-38F8-2E91-B0A8-8A785776361F}.Release|Any CPU.Build.0 = Release|Any CPU
		{0C2E998A-C4F6-3C79-2EAC-D5A2D3430665}.Debug|Any CPU.ActiveCfg = Debug|Any CPU
		{0C2E998A-C4F6-3C79-2EAC-D5A2D3430665}.Debug|Any CPU.Build.0 = Debug|Any CPU
		{0C2E998A-C4F6-3C79-2EAC-D5A2D3430665}.Release|Any CPU.ActiveCfg = Release|Any CPU
		{0C2E998A-C4F6-3C79-2EAC-D5A2D3430665}.Release|Any CPU.Build.0 = Release|Any CPU
		{982B8C25-E178-0B61-77FD-19AAED3D11D1}.Debug|Any CPU.ActiveCfg = Debug|Any CPU
		{982B8C25-E178-0B61-77FD-19AAED3D11D1}.Debug|Any CPU.Build.0 = Debug|Any CPU
		{982B8C25-E178-0B61-77FD-19AAED3D11D1}.Release|Any CPU.ActiveCfg = Release|Any CPU
		{982B8C25-E178-0B61-77FD-19AAED3D11D1}.Release|Any CPU.Build.0 = Release|Any CPU
		{50C18813-143E-EE2E-CC52-C4B3BD2F22FC}.Debug|Any CPU.ActiveCfg = Debug|Any CPU
		{50C18813-143E-EE2E-CC52-C4B3BD2F22FC}.Debug|Any CPU.Build.0 = Debug|Any CPU
		{50C18813-143E-EE2E-CC52-C4B3BD2F22FC}.Release|Any CPU.ActiveCfg = Release|Any CPU
		{50C18813-143E-EE2E-CC52-C4B3BD2F22FC}.Release|Any CPU.Build.0 = Release|Any CPU
		{9C59A76F-74CD-0E90-A89B-7D55ED29CA2E}.Debug|Any CPU.ActiveCfg = Debug|Any CPU
		{9C59A76F-74CD-0E90-A89B-7D55ED29CA2E}.Debug|Any CPU.Build.0 = Debug|Any CPU
		{9C59A76F-74CD-0E90-A89B-7D55ED29CA2E}.Release|Any CPU.ActiveCfg = Release|Any CPU
		{9C59A76F-74CD-0E90-A89B-7D55ED29CA2E}.Release|Any CPU.Build.0 = Release|Any CPU
	EndGlobalSection
	GlobalSection(SolutionProperties) = preSolution
		HideSolutionNode = FALSE
	EndGlobalSection
	GlobalSection(NestedProjects) = preSolution
		{F7D3F72D-741D-4F67-8CF8-CD41B9035FED} = {8636251D-0291-4B49-BD87-644F49A928F4}
		{DE565EB3-EE44-469D-B6B9-C8F3CA0712EF} = {8636251D-0291-4B49-BD87-644F49A928F4}
		{E55F9293-633E-40CD-B2C4-F2A7736527FE} = {8636251D-0291-4B49-BD87-644F49A928F4}
		{A5119C75-F4B5-4FFC-A429-85A7001EF646} = {5F84BCB0-C118-4929-B9BB-47A3EDA7242E}
		{02526789-0149-4C86-A6AF-66225E11877A} = {5F84BCB0-C118-4929-B9BB-47A3EDA7242E}
		{8488BE41-0DE2-4B5E-A09B-7CF1E5C81F99} = {5F84BCB0-C118-4929-B9BB-47A3EDA7242E}
		{3422FD13-4961-4323-92B4-20EF6F854017} = {8636251D-0291-4B49-BD87-644F49A928F4}
		{AB4BEE0C-4E91-4903-8B00-BD9E0EAB819D} = {8BE6A286-E197-4F84-AE56-58E37CBEEEB5}
		{2C099DED-515E-454B-9BB2-B54EE54332E2} = {8BE6A286-E197-4F84-AE56-58E37CBEEEB5}
		{D326BCF6-4B14-4D75-8273-B11C48A7B9FB} = {8BE6A286-E197-4F84-AE56-58E37CBEEEB5}
		{A8985B53-C34A-48D2-9270-FC495329C13E} = {8BE6A286-E197-4F84-AE56-58E37CBEEEB5}
		{A05EA750-6CD4-4F41-ABBD-02578F40D913} = {8BE6A286-E197-4F84-AE56-58E37CBEEEB5}
		{1AE3A3FF-790A-4592-81BA-8683FB3D7B5E} = {8BE6A286-E197-4F84-AE56-58E37CBEEEB5}
		{15596131-4397-4BC9-93E8-44C721C31042} = {8BE6A286-E197-4F84-AE56-58E37CBEEEB5}
		{92B809CE-D4C9-4613-A58F-FAD0C0556197} = {8BE6A286-E197-4F84-AE56-58E37CBEEEB5}
		{6A5AC3D2-F0A6-4A62-986A-45DD63E284C2} = {8BE6A286-E197-4F84-AE56-58E37CBEEEB5}
		{D4842939-CCCF-4B0D-B785-DA4E6CDA126C} = {8BE6A286-E197-4F84-AE56-58E37CBEEEB5}
		{992B3496-793D-4597-9E13-26909BAF172B} = {8BE6A286-E197-4F84-AE56-58E37CBEEEB5}
		{DE6C0C69-5299-4941-A550-AB2A523BE2E3} = {8BE6A286-E197-4F84-AE56-58E37CBEEEB5}
		{51D87251-6DF6-4DC1-AF6C-D5C11553F782} = {8BE6A286-E197-4F84-AE56-58E37CBEEEB5}
		{DE84BC36-A990-4D5D-90C1-BD5A96786E65} = {8BE6A286-E197-4F84-AE56-58E37CBEEEB5}
		{2ACBFF91-2750-43F6-B232-AF456DB234E6} = {8BE6A286-E197-4F84-AE56-58E37CBEEEB5}
		{9252603E-F11B-4C57-AFCE-59EA5A759DC5} = {8BE6A286-E197-4F84-AE56-58E37CBEEEB5}
		{DAC95DE7-F31C-4DD8-BC97-D76514A649C1} = {8BE6A286-E197-4F84-AE56-58E37CBEEEB5}
		{9BD45C39-AD84-40CA-BA14-249D31AFEFD7} = {8BE6A286-E197-4F84-AE56-58E37CBEEEB5}
		{364DF2F6-474A-43E7-9DF3-CF6EBA280EE5} = {8BE6A286-E197-4F84-AE56-58E37CBEEEB5}
		{4D978F4D-76FB-4DD7-8D7F-172506FA7E02} = {8BE6A286-E197-4F84-AE56-58E37CBEEEB5}
		{65B6E7EE-CC85-4863-B246-3F24AE4C96B4} = {8BE6A286-E197-4F84-AE56-58E37CBEEEB5}
		{0237B07D-665E-45A5-BDE1-7C68D4DE1956} = {8BE6A286-E197-4F84-AE56-58E37CBEEEB5}
		{F5822741-23F3-470D-ABB8-540B6C93C12F} = {8BE6A286-E197-4F84-AE56-58E37CBEEEB5}
		{7C79BCCA-A284-4901-97DD-86E89B9B2D33} = {8BE6A286-E197-4F84-AE56-58E37CBEEEB5}
		{B3247DB0-B434-4903-B526-68B7D3F33196} = {8BE6A286-E197-4F84-AE56-58E37CBEEEB5}
		{65704DD6-4E2A-48A6-800E-A6C805542B63} = {8BE6A286-E197-4F84-AE56-58E37CBEEEB5}
		{2F4B1ECE-855C-4945-AFE0-E2830DE24E01} = {8BE6A286-E197-4F84-AE56-58E37CBEEEB5}
		{B094BA37-2395-4E4F-8B9C-998F915FCFE5} = {8BE6A286-E197-4F84-AE56-58E37CBEEEB5}
		{2D199440-C38C-4B82-8191-EF86A9EBB36C} = {8BE6A286-E197-4F84-AE56-58E37CBEEEB5}
		{9F1EDDDA-0A30-4093-800E-810671E32F6F} = {8BE6A286-E197-4F84-AE56-58E37CBEEEB5}
		{2A7E8B85-DC98-42CA-BC39-AF051C918892} = {8BE6A286-E197-4F84-AE56-58E37CBEEEB5}
		{BC270B60-E9D7-454F-97A9-723336CCC312} = {8BE6A286-E197-4F84-AE56-58E37CBEEEB5}
		{3E905EDD-866E-472C-8DF2-4F30065CC857} = {BD1F2758-D961-45F7-889E-BACA6088B287}
		{AB2AF864-CA15-4765-9DA8-4247F1798316} = {BD1F2758-D961-45F7-889E-BACA6088B287}
		{E8A246F4-D9A7-45E2-B200-9996590EC533} = {BD1F2758-D961-45F7-889E-BACA6088B287}
		{4D01518C-0F3C-4CC5-9780-C67BD0F6B3D6} = {BD1F2758-D961-45F7-889E-BACA6088B287}
		{47318331-84C1-48B2-AB1F-05BC75DDD072} = {BD1F2758-D961-45F7-889E-BACA6088B287}
		{FA97E55A-DEF0-42ED-85C5-FEDF5E309725} = {BD1F2758-D961-45F7-889E-BACA6088B287}
		{B03738D5-34E8-4E2B-AB39-59FB5B2EF058} = {BD1F2758-D961-45F7-889E-BACA6088B287}
		{96AC320F-4605-4019-97D9-0EFE09C08E0B} = {BD1F2758-D961-45F7-889E-BACA6088B287}
		{F22880A0-FE99-4712-A5BE-171866215565} = {8BE6A286-E197-4F84-AE56-58E37CBEEEB5}
		{871948B0-6EDA-4C50-AE6B-171531BF3F77} = {8BE6A286-E197-4F84-AE56-58E37CBEEEB5}
		{A36C8012-43C2-8FFB-7AB7-D5050921532C} = {BD1F2758-D961-45F7-889E-BACA6088B287}
		{02728254-38F8-2E91-B0A8-8A785776361F} = {8BE6A286-E197-4F84-AE56-58E37CBEEEB5}
		{0C2E998A-C4F6-3C79-2EAC-D5A2D3430665} = {BD1F2758-D961-45F7-889E-BACA6088B287}
		{982B8C25-E178-0B61-77FD-19AAED3D11D1} = {BD1F2758-D961-45F7-889E-BACA6088B287}
		{50C18813-143E-EE2E-CC52-C4B3BD2F22FC} = {8BE6A286-E197-4F84-AE56-58E37CBEEEB5}
		{9C59A76F-74CD-0E90-A89B-7D55ED29CA2E} = {8BE6A286-E197-4F84-AE56-58E37CBEEEB5}
	EndGlobalSection
	GlobalSection(ExtensibilityGlobals) = postSolution
		SolutionGuid = {E18ACE2B-9B04-4506-B0EF-5723DE24799B}
	EndGlobalSection
EndGlobal
